// !$*UTF8*$!
{
	archiveVersion = 1;
	classes = {
	};
	objectVersion = 48;
	objects = {

/* Begin PBXBuildFile section */
		9FAB2DB32236B769006C65FA /* AppDelegate.swift in Sources */ = {isa = PBXBuildFile; fileRef = 9FAB2DB22236B769006C65FA /* AppDelegate.swift */; };
		9FAB2DB52236B769006C65FA /* ViewController.swift in Sources */ = {isa = PBXBuildFile; fileRef = 9FAB2DB42236B769006C65FA /* ViewController.swift */; };
		9FAB2DB82236B769006C65FA /* Main.storyboard in Resources */ = {isa = PBXBuildFile; fileRef = 9FAB2DB62236B769006C65FA /* Main.storyboard */; };
		9FAB2DBB2236B769006C65FA /* NYT_Posts.xcdatamodeld in Sources */ = {isa = PBXBuildFile; fileRef = 9FAB2DB92236B769006C65FA /* NYT_Posts.xcdatamodeld */; };
		9FAB2DBD2236B769006C65FA /* Assets.xcassets in Resources */ = {isa = PBXBuildFile; fileRef = 9FAB2DBC2236B769006C65FA /* Assets.xcassets */; };
		9FAB2DC02236B769006C65FA /* LaunchScreen.storyboard in Resources */ = {isa = PBXBuildFile; fileRef = 9FAB2DBE2236B769006C65FA /* LaunchScreen.storyboard */; };
		BF39A0E9092CA84AFFDC723B /* Pods_NYT_Posts.framework in Frameworks */ = {isa = PBXBuildFile; fileRef = C41766ECF6C55EA8D8C4FD54 /* Pods_NYT_Posts.framework */; };
/* End PBXBuildFile section */

/* Begin PBXFileReference section */
		37B04E55B6BFD441175D43CA /* Pods-NYT Posts.release.xcconfig */ = {isa = PBXFileReference; includeInIndex = 1; lastKnownFileType = text.xcconfig; name = "Pods-NYT Posts.release.xcconfig"; path = "Target Support Files/Pods-NYT Posts/Pods-NYT Posts.release.xcconfig"; sourceTree = "<group>"; };
		72CDBB91EFFFA12114561A60 /* Pods-NYT Posts.debug.xcconfig */ = {isa = PBXFileReference; includeInIndex = 1; lastKnownFileType = text.xcconfig; name = "Pods-NYT Posts.debug.xcconfig"; path = "Target Support Files/Pods-NYT Posts/Pods-NYT Posts.debug.xcconfig"; sourceTree = "<group>"; };
		9FAB2DAF2236B769006C65FA /* NYT Posts.app */ = {isa = PBXFileReference; explicitFileType = wrapper.application; includeInIndex = 0; path = "NYT Posts.app"; sourceTree = BUILT_PRODUCTS_DIR; };
		9FAB2DB22236B769006C65FA /* AppDelegate.swift */ = {isa = PBXFileReference; lastKnownFileType = sourcecode.swift; path = AppDelegate.swift; sourceTree = "<group>"; };
		9FAB2DB42236B769006C65FA /* ViewController.swift */ = {isa = PBXFileReference; lastKnownFileType = sourcecode.swift; path = ViewController.swift; sourceTree = "<group>"; };
		9FAB2DB72236B769006C65FA /* Base */ = {isa = PBXFileReference; lastKnownFileType = file.storyboard; name = Base; path = Base.lproj/Main.storyboard; sourceTree = "<group>"; };
		9FAB2DBA2236B769006C65FA /* NYT_Posts.xcdatamodel */ = {isa = PBXFileReference; lastKnownFileType = wrapper.xcdatamodel; path = NYT_Posts.xcdatamodel; sourceTree = "<group>"; };
		9FAB2DBC2236B769006C65FA /* Assets.xcassets */ = {isa = PBXFileReference; lastKnownFileType = folder.assetcatalog; path = Assets.xcassets; sourceTree = "<group>"; };
		9FAB2DBF2236B769006C65FA /* Base */ = {isa = PBXFileReference; lastKnownFileType = file.storyboard; name = Base; path = Base.lproj/LaunchScreen.storyboard; sourceTree = "<group>"; };
		9FAB2DC12236B769006C65FA /* Info.plist */ = {isa = PBXFileReference; lastKnownFileType = text.plist.xml; path = Info.plist; sourceTree = "<group>"; };
		C41766ECF6C55EA8D8C4FD54 /* Pods_NYT_Posts.framework */ = {isa = PBXFileReference; explicitFileType = wrapper.framework; includeInIndex = 0; path = Pods_NYT_Posts.framework; sourceTree = BUILT_PRODUCTS_DIR; };
/* End PBXFileReference section */

/* Begin PBXFrameworksBuildPhase section */
		9FAB2DAC2236B769006C65FA /* Frameworks */ = {
			isa = PBXFrameworksBuildPhase;
			buildActionMask = 2147483647;
			files = (
				BF39A0E9092CA84AFFDC723B /* Pods_NYT_Posts.framework in Frameworks */,
			);
			runOnlyForDeploymentPostprocessing = 0;
		};
/* End PBXFrameworksBuildPhase section */

/* Begin PBXGroup section */
		82C1B88BD37EF14E86844EA2 /* Frameworks */ = {
			isa = PBXGroup;
			children = (
				C41766ECF6C55EA8D8C4FD54 /* Pods_NYT_Posts.framework */,
			);
			name = Frameworks;
			sourceTree = "<group>";
		};
		9FAB2DA62236B769006C65FA = {
			isa = PBXGroup;
			children = (
				9FAB2DB12236B769006C65FA /* NYT Posts */,
				9FAB2DB02236B769006C65FA /* Products */,
				FB40ECDAC077F6900B306CE4 /* Pods */,
				82C1B88BD37EF14E86844EA2 /* Frameworks */,
			);
			sourceTree = "<group>";
		};
		9FAB2DB02236B769006C65FA /* Products */ = {
			isa = PBXGroup;
			children = (
				9FAB2DAF2236B769006C65FA /* NYT Posts.app */,
			);
			name = Products;
			sourceTree = "<group>";
		};
		9FAB2DB12236B769006C65FA /* NYT Posts */ = {
			isa = PBXGroup;
			children = (
				9FAB2DB22236B769006C65FA /* AppDelegate.swift */,
				9FAB2DB42236B769006C65FA /* ViewController.swift */,
				9FAB2DB62236B769006C65FA /* Main.storyboard */,
				9FAB2DBC2236B769006C65FA /* Assets.xcassets */,
				9FAB2DBE2236B769006C65FA /* LaunchScreen.storyboard */,
				9FAB2DC12236B769006C65FA /* Info.plist */,
				9FAB2DB92236B769006C65FA /* NYT_Posts.xcdatamodeld */,
			);
			path = "NYT Posts";
			sourceTree = "<group>";
		};
		FB40ECDAC077F6900B306CE4 /* Pods */ = {
			isa = PBXGroup;
			children = (
				72CDBB91EFFFA12114561A60 /* Pods-NYT Posts.debug.xcconfig */,
				37B04E55B6BFD441175D43CA /* Pods-NYT Posts.release.xcconfig */,
			);
			name = Pods;
			path = Pods;
			sourceTree = "<group>";
		};
/* End PBXGroup section */

/* Begin PBXNativeTarget section */
		9FAB2DAE2236B769006C65FA /* NYT Posts */ = {
			isa = PBXNativeTarget;
			buildConfigurationList = 9FAB2DC42236B769006C65FA /* Build configuration list for PBXNativeTarget "NYT Posts" */;
			buildPhases = (
				DE8EFF1AB5783C8B90FE063D /* [CP] Check Pods Manifest.lock */,
				9FAB2DAB2236B769006C65FA /* Sources */,
				9FAB2DAC2236B769006C65FA /* Frameworks */,
				9FAB2DAD2236B769006C65FA /* Resources */,
				1D10A732A70E23200B0785A0 /* [CP] Embed Pods Frameworks */,
			);
			buildRules = (
			);
			dependencies = (
			);
			name = "NYT Posts";
			productName = "NYT Posts";
			productReference = 9FAB2DAF2236B769006C65FA /* NYT Posts.app */;
			productType = "com.apple.product-type.application";
		};
/* End PBXNativeTarget section */

/* Begin PBXProject section */
		9FAB2DA72236B769006C65FA /* Project object */ = {
			isa = PBXProject;
			attributes = {
				LastSwiftUpdateCheck = 0920;
				LastUpgradeCheck = 0920;
				ORGANIZATIONNAME = ZubenkoApps;
				TargetAttributes = {
					9FAB2DAE2236B769006C65FA = {
						CreatedOnToolsVersion = 9.2;
						ProvisioningStyle = Automatic;
					};
				};
			};
			buildConfigurationList = 9FAB2DAA2236B769006C65FA /* Build configuration list for PBXProject "NYT Posts" */;
			compatibilityVersion = "Xcode 8.0";
			developmentRegion = en;
			hasScannedForEncodings = 0;
			knownRegions = (
				en,
				Base,
			);
			mainGroup = 9FAB2DA62236B769006C65FA;
			productRefGroup = 9FAB2DB02236B769006C65FA /* Products */;
			projectDirPath = "";
			projectRoot = "";
			targets = (
				9FAB2DAE2236B769006C65FA /* NYT Posts */,
			);
		};
/* End PBXProject section */

/* Begin PBXResourcesBuildPhase section */
		9FAB2DAD2236B769006C65FA /* Resources */ = {
			isa = PBXResourcesBuildPhase;
			buildActionMask = 2147483647;
			files = (
				9FAB2DC02236B769006C65FA /* LaunchScreen.storyboard in Resources */,
				9FAB2DBD2236B769006C65FA /* Assets.xcassets in Resources */,
				9FAB2DB82236B769006C65FA /* Main.storyboard in Resources */,
			);
			runOnlyForDeploymentPostprocessing = 0;
		};
/* End PBXResourcesBuildPhase section */

/* Begin PBXShellScriptBuildPhase section */
		1D10A732A70E23200B0785A0 /* [CP] Embed Pods Frameworks */ = {
			isa = PBXShellScriptBuildPhase;
			buildActionMask = 2147483647;
			files = (
			);
			inputFileListPaths = (
			);
			inputPaths = (
				"${PODS_ROOT}/Target Support Files/Pods-NYT Posts/Pods-NYT Posts-frameworks.sh",
				"${BUILT_PRODUCTS_DIR}/Alamofire/Alamofire.framework",
				"${BUILT_PRODUCTS_DIR}/ElongationPreview/ElongationPreview.framework",
				"${BUILT_PRODUCTS_DIR}/PageMenu/PageMenu.framework",
				"${BUILT_PRODUCTS_DIR}/SwiftyJSON/SwiftyJSON.framework",
			);
			name = "[CP] Embed Pods Frameworks";
			outputFileListPaths = (
			);
			outputPaths = (
				"${TARGET_BUILD_DIR}/${FRAMEWORKS_FOLDER_PATH}/Alamofire.framework",
				"${TARGET_BUILD_DIR}/${FRAMEWORKS_FOLDER_PATH}/ElongationPreview.framework",
				"${TARGET_BUILD_DIR}/${FRAMEWORKS_FOLDER_PATH}/PageMenu.framework",
				"${TARGET_BUILD_DIR}/${FRAMEWORKS_FOLDER_PATH}/SwiftyJSON.framework",
			);
			runOnlyForDeploymentPostprocessing = 0;
			shellPath = /bin/sh;
			shellScript = "\"${PODS_ROOT}/Target Support Files/Pods-NYT Posts/Pods-NYT Posts-frameworks.sh\"\n";
			showEnvVarsInLog = 0;
		};
		DE8EFF1AB5783C8B90FE063D /* [CP] Check Pods Manifest.lock */ = {
			isa = PBXShellScriptBuildPhase;
			buildActionMask = 2147483647;
			files = (
			);
			inputFileListPaths = (
			);
			inputPaths = (
				"${PODS_PODFILE_DIR_PATH}/Podfile.lock",
				"${PODS_ROOT}/Manifest.lock",
			);
			name = "[CP] Check Pods Manifest.lock";
			outputFileListPaths = (
			);
			outputPaths = (
				"$(DERIVED_FILE_DIR)/Pods-NYT Posts-checkManifestLockResult.txt",
			);
			runOnlyForDeploymentPostprocessing = 0;
			shellPath = /bin/sh;
			shellScript = "diff \"${PODS_PODFILE_DIR_PATH}/Podfile.lock\" \"${PODS_ROOT}/Manifest.lock\" > /dev/null\nif [ $? != 0 ] ; then\n    # print error to STDERR\n    echo \"error: The sandbox is not in sync with the Podfile.lock. Run 'pod install' or update your CocoaPods installation.\" >&2\n    exit 1\nfi\n# This output is used by Xcode 'outputs' to avoid re-running this script phase.\necho \"SUCCESS\" > \"${SCRIPT_OUTPUT_FILE_0}\"\n";
			showEnvVarsInLog = 0;
		};
/* End PBXShellScriptBuildPhase section */

/* Begin PBXSourcesBuildPhase section */
		9FAB2DAB2236B769006C65FA /* Sources */ = {
			isa = PBXSourcesBuildPhase;
			buildActionMask = 2147483647;
			files = (
				9FAB2DB52236B769006C65FA /* ViewController.swift in Sources */,
				9FAB2DB32236B769006C65FA /* AppDelegate.swift in Sources */,
				9FAB2DBB2236B769006C65FA /* NYT_Posts.xcdatamodeld in Sources */,
			);
			runOnlyForDeploymentPostprocessing = 0;
		};
/* End PBXSourcesBuildPhase section */

/* Begin PBXVariantGroup section */
		9FAB2DB62236B769006C65FA /* Main.storyboard */ = {
			isa = PBXVariantGroup;
			children = (
				9FAB2DB72236B769006C65FA /* Base */,
			);
			name = Main.storyboard;
			sourceTree = "<group>";
		};
		9FAB2DBE2236B769006C65FA /* LaunchScreen.storyboard */ = {
			isa = PBXVariantGroup;
			children = (
				9FAB2DBF2236B769006C65FA /* Base */,
			);
			name = LaunchScreen.storyboard;
			sourceTree = "<group>";
		};
/* End PBXVariantGroup section */

/* Begin XCBuildConfiguration section */
		9FAB2DC22236B769006C65FA /* Debug */ = {
			isa = XCBuildConfiguration;
			buildSettings = {
				ALWAYS_SEARCH_USER_PATHS = NO;
				CLANG_ANALYZER_NONNULL = YES;
				CLANG_ANALYZER_NUMBER_OBJECT_CONVERSION = YES_AGGRESSIVE;
				CLANG_CXX_LANGUAGE_STANDARD = "gnu++14";
				CLANG_CXX_LIBRARY = "libc++";
				CLANG_ENABLE_MODULES = YES;
				CLANG_ENABLE_OBJC_ARC = YES;
				CLANG_WARN_BLOCK_CAPTURE_AUTORELEASING = YES;
				CLANG_WARN_BOOL_CONVERSION = YES;
				CLANG_WARN_COMMA = YES;
				CLANG_WARN_CONSTANT_CONVERSION = YES;
				CLANG_WARN_DIRECT_OBJC_ISA_USAGE = YES_ERROR;
				CLANG_WARN_DOCUMENTATION_COMMENTS = YES;
				CLANG_WARN_EMPTY_BODY = YES;
				CLANG_WARN_ENUM_CONVERSION = YES;
				CLANG_WARN_INFINITE_RECURSION = YES;
				CLANG_WARN_INT_CONVERSION = YES;
				CLANG_WARN_NON_LITERAL_NULL_CONVERSION = YES;
				CLANG_WARN_OBJC_LITERAL_CONVERSION = YES;
				CLANG_WARN_OBJC_ROOT_CLASS = YES_ERROR;
				CLANG_WARN_RANGE_LOOP_ANALYSIS = YES;
				CLANG_WARN_STRICT_PROTOTYPES = YES;
				CLANG_WARN_SUSPICIOUS_MOVE = YES;
				CLANG_WARN_UNGUARDED_AVAILABILITY = YES_AGGRESSIVE;
				CLANG_WARN_UNREACHABLE_CODE = YES;
				CLANG_WARN__DUPLICATE_METHOD_MATCH = YES;
				CODE_SIGN_IDENTITY = "iPhone Developer";
				COPY_PHASE_STRIP = NO;
				DEBUG_INFORMATION_FORMAT = dwarf;
				ENABLE_STRICT_OBJC_MSGSEND = YES;
				ENABLE_TESTABILITY = YES;
				GCC_C_LANGUAGE_STANDARD = gnu11;
				GCC_DYNAMIC_NO_PIC = NO;
				GCC_NO_COMMON_BLOCKS = YES;
				GCC_OPTIMIZATION_LEVEL = 0;
				GCC_PREPROCESSOR_DEFINITIONS = (
					"DEBUG=1",
					"$(inherited)",
				);
				GCC_WARN_64_TO_32_BIT_CONVERSION = YES;
				GCC_WARN_ABOUT_RETURN_TYPE = YES_ERROR;
				GCC_WARN_UNDECLARED_SELECTOR = YES;
				GCC_WARN_UNINITIALIZED_AUTOS = YES_AGGRESSIVE;
				GCC_WARN_UNUSED_FUNCTION = YES;
				GCC_WARN_UNUSED_VARIABLE = YES;
				IPHONEOS_DEPLOYMENT_TARGET = 11.2;
				MTL_ENABLE_DEBUG_INFO = YES;
				ONLY_ACTIVE_ARCH = YES;
				SDKROOT = iphoneos;
				SWIFT_ACTIVE_COMPILATION_CONDITIONS = DEBUG;
				SWIFT_OPTIMIZATION_LEVEL = "-Onone";
			};
			name = Debug;
		};
		9FAB2DC32236B769006C65FA /* Release */ = {
			isa = XCBuildConfiguration;
			buildSettings = {
				ALWAYS_SEARCH_USER_PATHS = NO;
				CLANG_ANALYZER_NONNULL = YES;
				CLANG_ANALYZER_NUMBER_OBJECT_CONVERSION = YES_AGGRESSIVE;
				CLANG_CXX_LANGUAGE_STANDARD = "gnu++14";
				CLANG_CXX_LIBRARY = "libc++";
				CLANG_ENABLE_MODULES = YES;
				CLANG_ENABLE_OBJC_ARC = YES;
				CLANG_WARN_BLOCK_CAPTURE_AUTORELEASING = YES;
				CLANG_WARN_BOOL_CONVERSION = YES;
				CLANG_WARN_COMMA = YES;
				CLANG_WARN_CONSTANT_CONVERSION = YES;
				CLANG_WARN_DIRECT_OBJC_ISA_USAGE = YES_ERROR;
				CLANG_WARN_DOCUMENTATION_COMMENTS = YES;
				CLANG_WARN_EMPTY_BODY = YES;
				CLANG_WARN_ENUM_CONVERSION = YES;
				CLANG_WARN_INFINITE_RECURSION = YES;
				CLANG_WARN_INT_CONVERSION = YES;
				CLANG_WARN_NON_LITERAL_NULL_CONVERSION = YES;
				CLANG_WARN_OBJC_LITERAL_CONVERSION = YES;
				CLANG_WARN_OBJC_ROOT_CLASS = YES_ERROR;
				CLANG_WARN_RANGE_LOOP_ANALYSIS = YES;
				CLANG_WARN_STRICT_PROTOTYPES = YES;
				CLANG_WARN_SUSPICIOUS_MOVE = YES;
				CLANG_WARN_UNGUARDED_AVAILABILITY = YES_AGGRESSIVE;
				CLANG_WARN_UNREACHABLE_CODE = YES;
				CLANG_WARN__DUPLICATE_METHOD_MATCH = YES;
				CODE_SIGN_IDENTITY = "iPhone Developer";
				COPY_PHASE_STRIP = NO;
				DEBUG_INFORMATION_FORMAT = "dwarf-with-dsym";
				ENABLE_NS_ASSERTIONS = NO;
				ENABLE_STRICT_OBJC_MSGSEND = YES;
				GCC_C_LANGUAGE_STANDARD = gnu11;
				GCC_NO_COMMON_BLOCKS = YES;
				GCC_WARN_64_TO_32_BIT_CONVERSION = YES;
				GCC_WARN_ABOUT_RETURN_TYPE = YES_ERROR;
				GCC_WARN_UNDECLARED_SELECTOR = YES;
				GCC_WARN_UNINITIALIZED_AUTOS = YES_AGGRESSIVE;
				GCC_WARN_UNUSED_FUNCTION = YES;
				GCC_WARN_UNUSED_VARIABLE = YES;
				IPHONEOS_DEPLOYMENT_TARGET = 11.2;
				MTL_ENABLE_DEBUG_INFO = NO;
				SDKROOT = iphoneos;
				SWIFT_OPTIMIZATION_LEVEL = "-Owholemodule";
				VALIDATE_PRODUCT = YES;
			};
			name = Release;
		};
		9FAB2DC52236B769006C65FA /* Debug */ = {
			isa = XCBuildConfiguration;
			baseConfigurationReference = 72CDBB91EFFFA12114561A60 /* Pods-NYT Posts.debug.xcconfig */;
			buildSettings = {
				ASSETCATALOG_COMPILER_APPICON_NAME = AppIcon;
				CODE_SIGN_STYLE = Automatic;
				DEVELOPMENT_TEAM = J559KSKD5Z;
				INFOPLIST_FILE = "NYT Posts/Info.plist";
				LD_RUNPATH_SEARCH_PATHS = "$(inherited) @executable_path/Frameworks";
				PRODUCT_BUNDLE_IDENTIFIER = "com.NYT-Posts";
				PRODUCT_NAME = "$(TARGET_NAME)";
				SWIFT_VERSION = 4.0;
				TARGETED_DEVICE_FAMILY = "1,2";
			};
			name = Debug;
		};
		9FAB2DC62236B769006C65FA /* Release */ = {
			isa = XCBuildConfiguration;
			baseConfigurationReference = 37B04E55B6BFD441175D43CA /* Pods-NYT Posts.release.xcconfig */;
			buildSettings = {
				ASSETCATALOG_COMPILER_APPICON_NAME = AppIcon;
				CODE_SIGN_STYLE = Automatic;
				DEVELOPMENT_TEAM = J559KSKD5Z;
				INFOPLIST_FILE = "NYT Posts/Info.plist";
				LD_RUNPATH_SEARCH_PATHS = "$(inherited) @executable_path/Frameworks";
				PRODUCT_BUNDLE_IDENTIFIER = "com.NYT-Posts";
				PRODUCT_NAME = "$(TARGET_NAME)";
				SWIFT_VERSION = 4.0;
				TARGETED_DEVICE_FAMILY = "1,2";
			};
			name = Release;
		};
/* End XCBuildConfiguration section */

/* Begin XCConfigurationList section */
		9FAB2DAA2236B769006C65FA /* Build configuration list for PBXProject "NYT Posts" */ = {
			isa = XCConfigurationList;
			buildConfigurations = (
				9FAB2DC22236B769006C65FA /* Debug */,
				9FAB2DC32236B769006C65FA /* Release */,
			);
			defaultConfigurationIsVisible = 0;
			defaultConfigurationName = Release;
		};
		9FAB2DC42236B769006C65FA /* Build configuration list for PBXNativeTarget "NYT Posts" */ = {
			isa = XCConfigurationList;
			buildConfigurations = (
				9FAB2DC52236B769006C65FA /* Debug */,
				9FAB2DC62236B769006C65FA /* Release */,
			);
			defaultConfigurationIsVisible = 0;
			defaultConfigurationName = Release;
		};
/* End XCConfigurationList section */

/* Begin XCVersionGroup section */
		9FAB2DB92236B769006C65FA /* NYT_Posts.xcdatamodeld */ = {
			isa = XCVersionGroup;
			children = (
				9FAB2DBA2236B769006C65FA /* NYT_Posts.xcdatamodel */,
			);
			currentVersion = 9FAB2DBA2236B769006C65FA /* NYT_Posts.xcdatamodel */;
			path = NYT_Posts.xcdatamodeld;
			sourceTree = "<group>";
			versionGroupType = wrapper.xcdatamodel;
		};
/* End XCVersionGroup section */
	};
	rootObject = 9FAB2DA72236B769006C65FA /* Project object */;
}
